{
  "lockfile-version": 1,
  "manifest": {
    "version": 1,
    "install": {
      "direnv": {
        "pkg-path": "direnv"
      },
      "go": {
        "pkg-path": "go",
        "version": "1.22"
      }
    },
    "hook": {
      "on-activate": "  # Autogenerated by Flox\n\n  # Point GOENV to Flox environment cache\n  export GOENV=\"$FLOX_ENV_CACHE/goenv\"\n\n  # Install Go dependencies\n  go get .\n\n  # End autogenerated by Flox\n"
    },
    "profile": {
      "bash": "  eval \"$(direnv hook bash)\"\n",
      "zsh": "  eval \"$(direnv hook zsh)\"\n"
    },
    "options": {
      "systems": [
        "aarch64-darwin",
        "aarch64-linux",
        "x86_64-darwin",
        "x86_64-linux"
      ],
      "allow": {
        "licenses": []
      },
      "semver": {}
    }
  },
  "packages": [
    {
      "attr_path": "direnv",
      "broken": false,
      "derivation": "/nix/store/0k9pnllqbv5388vdvwk2v92c9abwscnx-direnv-2.35.0.drv",
      "description": "Shell extension that manages your environment",
      "install_id": "direnv",
      "license": "MIT",
      "locked_url": "https://github.com/flox/nixpkgs?rev=5633bcff0c6162b9e4b5f1264264611e950c8ec7",
      "name": "direnv-2.35.0",
      "pname": "direnv",
      "rev": "5633bcff0c6162b9e4b5f1264264611e950c8ec7",
      "rev_count": 690827,
      "rev_date": "2024-10-09T16:51:18Z",
      "scrape_date": "2024-10-11T03:53:01Z",
      "stabilities": [
        "staging",
        "unstable"
      ],
      "unfree": false,
      "version": "2.35.0",
      "outputs_to_install": [
        "out"
      ],
      "outputs": {
        "out": "/nix/store/b862impi4vy6hx7irfhnp3y5padbw0jl-direnv-2.35.0"
      },
      "system": "aarch64-darwin",
      "group": "toplevel",
      "priority": 5
    },
    {
      "attr_path": "direnv",
      "broken": false,
      "derivation": "/nix/store/l2r714yib5h88kx9nlkbqypdpjsyy4vz-direnv-2.35.0.drv",
      "description": "Shell extension that manages your environment",
      "install_id": "direnv",
      "license": "MIT",
      "locked_url": "https://github.com/flox/nixpkgs?rev=5633bcff0c6162b9e4b5f1264264611e950c8ec7",
      "name": "direnv-2.35.0",
      "pname": "direnv",
      "rev": "5633bcff0c6162b9e4b5f1264264611e950c8ec7",
      "rev_count": 690827,
      "rev_date": "2024-10-09T16:51:18Z",
      "scrape_date": "2024-10-11T03:53:01Z",
      "stabilities": [
        "staging",
        "unstable"
      ],
      "unfree": false,
      "version": "2.35.0",
      "outputs_to_install": [
        "out"
      ],
      "outputs": {
        "out": "/nix/store/z2kgy6bcdn3h0rplawv2nj09hmffknhx-direnv-2.35.0"
      },
      "system": "aarch64-linux",
      "group": "toplevel",
      "priority": 5
    },
    {
      "attr_path": "direnv",
      "broken": false,
      "derivation": "/nix/store/dkxqyskhr3x4v1ag8gblgjh1kpcb8k92-direnv-2.35.0.drv",
      "description": "Shell extension that manages your environment",
      "install_id": "direnv",
      "license": "MIT",
      "locked_url": "https://github.com/flox/nixpkgs?rev=5633bcff0c6162b9e4b5f1264264611e950c8ec7",
      "name": "direnv-2.35.0",
      "pname": "direnv",
      "rev": "5633bcff0c6162b9e4b5f1264264611e950c8ec7",
      "rev_count": 690827,
      "rev_date": "2024-10-09T16:51:18Z",
      "scrape_date": "2024-10-11T03:53:01Z",
      "stabilities": [
        "staging",
        "unstable"
      ],
      "unfree": false,
      "version": "2.35.0",
      "outputs_to_install": [
        "out"
      ],
      "outputs": {
        "out": "/nix/store/djl7k7rvngmjr8pbhgmzhccv82hlaxms-direnv-2.35.0"
      },
      "system": "x86_64-darwin",
      "group": "toplevel",
      "priority": 5
    },
    {
      "attr_path": "direnv",
      "broken": false,
      "derivation": "/nix/store/rjm1mfaxgj9r10a919xf2jvxnr1mmapy-direnv-2.35.0.drv",
      "description": "Shell extension that manages your environment",
      "install_id": "direnv",
      "license": "MIT",
      "locked_url": "https://github.com/flox/nixpkgs?rev=5633bcff0c6162b9e4b5f1264264611e950c8ec7",
      "name": "direnv-2.35.0",
      "pname": "direnv",
      "rev": "5633bcff0c6162b9e4b5f1264264611e950c8ec7",
      "rev_count": 690827,
      "rev_date": "2024-10-09T16:51:18Z",
      "scrape_date": "2024-10-11T03:53:01Z",
      "stabilities": [
        "staging",
        "unstable"
      ],
      "unfree": false,
      "version": "2.35.0",
      "outputs_to_install": [
        "out"
      ],
      "outputs": {
        "out": "/nix/store/0cc1cyiifsb6g6vr2271448va439q73b-direnv-2.35.0"
      },
      "system": "x86_64-linux",
      "group": "toplevel",
      "priority": 5
    },
    {
      "attr_path": "go",
      "broken": false,
      "derivation": "/nix/store/x1p2gf1jcqn29l4agdqrb0w09rib7w3m-go-1.22.7.drv",
      "description": "Go Programming language",
      "install_id": "go",
      "license": "BSD-3-Clause",
      "locked_url": "https://github.com/flox/nixpkgs?rev=5633bcff0c6162b9e4b5f1264264611e950c8ec7",
      "name": "go-1.22.7",
      "pname": "go",
      "rev": "5633bcff0c6162b9e4b5f1264264611e950c8ec7",
      "rev_count": 690827,
      "rev_date": "2024-10-09T16:51:18Z",
      "scrape_date": "2024-10-11T03:53:01Z",
      "stabilities": [
        "staging",
        "unstable"
      ],
      "unfree": false,
      "version": "1.22.7",
      "outputs_to_install": [
        "out"
      ],
      "outputs": {
        "out": "/nix/store/rfcwglhhspqx5v5h0sl4b3py14i6vpxa-go-1.22.7"
      },
      "system": "aarch64-darwin",
      "group": "toplevel",
      "priority": 5
    },
    {
      "attr_path": "go",
      "broken": false,
      "derivation": "/nix/store/qk95aryv3n1mhmk0lxf55sg9yr0l6138-go-1.22.7.drv",
      "description": "Go Programming language",
      "install_id": "go",
      "license": "BSD-3-Clause",
      "locked_url": "https://github.com/flox/nixpkgs?rev=5633bcff0c6162b9e4b5f1264264611e950c8ec7",
      "name": "go-1.22.7",
      "pname": "go",
      "rev": "5633bcff0c6162b9e4b5f1264264611e950c8ec7",
      "rev_count": 690827,
      "rev_date": "2024-10-09T16:51:18Z",
      "scrape_date": "2024-10-11T03:53:01Z",
      "stabilities": [
        "staging",
        "unstable"
      ],
      "unfree": false,
      "version": "1.22.7",
      "outputs_to_install": [
        "out"
      ],
      "outputs": {
        "out": "/nix/store/64z59pb0ss407rbv1fcvq0ynngrwfa6k-go-1.22.7"
      },
      "system": "aarch64-linux",
      "group": "toplevel",
      "priority": 5
    },
    {
      "attr_path": "go",
      "broken": false,
      "derivation": "/nix/store/4bjrs6k4a0xjyy5zanbc8igv0cffsi0a-go-1.22.7.drv",
      "description": "Go Programming language",
      "install_id": "go",
      "license": "BSD-3-Clause",
      "locked_url": "https://github.com/flox/nixpkgs?rev=5633bcff0c6162b9e4b5f1264264611e950c8ec7",
      "name": "go-1.22.7",
      "pname": "go",
      "rev": "5633bcff0c6162b9e4b5f1264264611e950c8ec7",
      "rev_count": 690827,
      "rev_date": "2024-10-09T16:51:18Z",
      "scrape_date": "2024-10-11T03:53:01Z",
      "stabilities": [
        "staging",
        "unstable"
      ],
      "unfree": false,
      "version": "1.22.7",
      "outputs_to_install": [
        "out"
      ],
      "outputs": {
        "out": "/nix/store/r8199g59rmp6ac0lnx86fpk57fbxc3bk-go-1.22.7"
      },
      "system": "x86_64-darwin",
      "group": "toplevel",
      "priority": 5
    },
    {
      "attr_path": "go",
      "broken": false,
      "derivation": "/nix/store/gp0ma9f4n4nxmgbgl1g65kvlf05cl22y-go-1.22.7.drv",
      "description": "Go Programming language",
      "install_id": "go",
      "license": "BSD-3-Clause",
      "locked_url": "https://github.com/flox/nixpkgs?rev=5633bcff0c6162b9e4b5f1264264611e950c8ec7",
      "name": "go-1.22.7",
      "pname": "go",
      "rev": "5633bcff0c6162b9e4b5f1264264611e950c8ec7",
      "rev_count": 690827,
      "rev_date": "2024-10-09T16:51:18Z",
      "scrape_date": "2024-10-11T03:53:01Z",
      "stabilities": [
        "staging",
        "unstable"
      ],
      "unfree": false,
      "version": "1.22.7",
      "outputs_to_install": [
        "out"
      ],
      "outputs": {
        "out": "/nix/store/chzgk756zb2cqlzbjr86m0lfxi63cdfy-go-1.22.7"
      },
      "system": "x86_64-linux",
      "group": "toplevel",
      "priority": 5
    }
  ]
}